// !$*UTF8*$!
{
	archiveVersion = 1;
	classes = {
	};
	objectVersion = 50;
	objects = {

/* Begin PBXBuildFile section */
		510F1703251B72E1002526A5 /* ContainerProfileView.swift in Sources */ = {isa = PBXBuildFile; fileRef = 510F1702251B72E1002526A5 /* ContainerProfileView.swift */; };
		510F1707251B762A002526A5 /* Profile.swift in Sources */ = {isa = PBXBuildFile; fileRef = 510F1706251B762A002526A5 /* Profile.swift */; };
		510F170A251B77A2002526A5 /* ProfileService.swift in Sources */ = {isa = PBXBuildFile; fileRef = 510F1709251B77A2002526A5 /* ProfileService.swift */; };
		512BBD6A25227F5E0035678C /* ProfileViewModel.swift in Sources */ = {isa = PBXBuildFile; fileRef = 5172618A251BA18400445A50 /* ProfileViewModel.swift */; };
		512BBD6D25227F680035678C /* Profile.swift in Sources */ = {isa = PBXBuildFile; fileRef = 510F1706251B762A002526A5 /* Profile.swift */; };
		512BBD7025227F970035678C /* ProfileService.swift in Sources */ = {isa = PBXBuildFile; fileRef = 510F1709251B77A2002526A5 /* ProfileService.swift */; };
		512BBD732522810F0035678C /* Assets.xcassets in Resources */ = {isa = PBXBuildFile; fileRef = 513EE124251B5F45009E42BC /* Assets.xcassets */; };
		512BBD7E252322780035678C /* ProfilesViewModel.swift in Sources */ = {isa = PBXBuildFile; fileRef = 5146EBEA251E079D000710E9 /* ProfilesViewModel.swift */; };
		512BBD88252324780035678C /* ProfileListWidgetView.swift in Sources */ = {isa = PBXBuildFile; fileRef = 512BBD84252324170035678C /* ProfileListWidgetView.swift */; };
		512BBD8C252327A70035678C /* ProfileSelection.intentdefinition in Sources */ = {isa = PBXBuildFile; fileRef = 512BBD8B252327A70035678C /* ProfileSelection.intentdefinition */; };
		512BBD8F252327BE0035678C /* ProfileSelection.intentdefinition in Sources */ = {isa = PBXBuildFile; fileRef = 512BBD8B252327A70035678C /* ProfileSelection.intentdefinition */; };
		512BBDA325233EFD0035678C /* ProfilesWidget.swift in Sources */ = {isa = PBXBuildFile; fileRef = 512BBDA125233EFD0035678C /* ProfilesWidget.swift */; };
		512BBDAC252341360035678C /* Widgets.swift in Sources */ = {isa = PBXBuildFile; fileRef = 512BBDAA252341360035678C /* Widgets.swift */; };
		513EE121251B5F44009E42BC /* gameApp.swift in Sources */ = {isa = PBXBuildFile; fileRef = 513EE120251B5F44009E42BC /* gameApp.swift */; };
		513EE125251B5F45009E42BC /* Assets.xcassets in Resources */ = {isa = PBXBuildFile; fileRef = 513EE124251B5F45009E42BC /* Assets.xcassets */; };
		513EE128251B5F45009E42BC /* Preview Assets.xcassets in Resources */ = {isa = PBXBuildFile; fileRef = 513EE127251B5F45009E42BC /* Preview Assets.xcassets */; };
		513EE132251B5FCC009E42BC /* ProfileView.swift in Sources */ = {isa = PBXBuildFile; fileRef = 513EE131251B5FCC009E42BC /* ProfileView.swift */; };
		516936E6251CE70100A7BEAC /* ProfileListView.swift in Sources */ = {isa = PBXBuildFile; fileRef = 516936E5251CE70100A7BEAC /* ProfileListView.swift */; };
		51A8AC8F253C63190015204D /* AppState.swift in Sources */ = {isa = PBXBuildFile; fileRef = 51A8AC81253C63190015204D /* AppState.swift */; };
		51A8AC91253C63190015204D /* ProfilesState.swift in Sources */ = {isa = PBXBuildFile; fileRef = 51A8AC83253C63190015204D /* ProfilesState.swift */; };
		51A8AC93253C63190015204D /* ProfilesActions.swift in Sources */ = {isa = PBXBuildFile; fileRef = 51A8AC86253C63190015204D /* ProfilesActions.swift */; };
		51A8AC94253C63190015204D /* AppActions.swift in Sources */ = {isa = PBXBuildFile; fileRef = 51A8AC87253C63190015204D /* AppActions.swift */; };
		51A8AC95253C63190015204D /* AppReducer.swift in Sources */ = {isa = PBXBuildFile; fileRef = 51A8AC89253C63190015204D /* AppReducer.swift */; };
		51A8AC96253C63190015204D /* ProfilesReducer.swift in Sources */ = {isa = PBXBuildFile; fileRef = 51A8AC8A253C63190015204D /* ProfilesReducer.swift */; };
		51A8AC98253C63190015204D /* Store.swift in Sources */ = {isa = PBXBuildFile; fileRef = 51A8AC8D253C63190015204D /* Store.swift */; };
		51A8AC99253C63190015204D /* AppStore.swift in Sources */ = {isa = PBXBuildFile; fileRef = 51A8AC8E253C63190015204D /* AppStore.swift */; };
		51DB0D912521D86800B39F66 /* MyUIKitView.swift in Sources */ = {isa = PBXBuildFile; fileRef = 51DB0D902521D86800B39F66 /* MyUIKitView.swift */; };
		51DB0D962521D99C00B39F66 /* MyView.swift in Sources */ = {isa = PBXBuildFile; fileRef = 51DB0D952521D99C00B39F66 /* MyView.swift */; };
		51DB0D9F2521DAF200B39F66 /* WidgetKit.framework in Frameworks */ = {isa = PBXBuildFile; fileRef = 51DB0D9E2521DAF200B39F66 /* WidgetKit.framework */; };
		51DB0DA12521DAF200B39F66 /* SwiftUI.framework in Frameworks */ = {isa = PBXBuildFile; fileRef = 51DB0DA02521DAF200B39F66 /* SwiftUI.framework */; };
		51DB0DA42521DAF200B39F66 /* ProfileWidget.swift in Sources */ = {isa = PBXBuildFile; fileRef = 51DB0DA32521DAF200B39F66 /* ProfileWidget.swift */; };
		51DB0DA62521DAF200B39F66 /* Assets.xcassets in Resources */ = {isa = PBXBuildFile; fileRef = 51DB0DA52521DAF200B39F66 /* Assets.xcassets */; };
		51DB0DAA2521DAF700B39F66 /* ProfileWidgetExtension.appex in Embed App Extensions */ = {isa = PBXBuildFile; fileRef = 51DB0D9C2521DAF200B39F66 /* ProfileWidgetExtension.appex */; settings = {ATTRIBUTES = (RemoveHeadersOnCopy, ); }; };
		51DB0DB12521DB6C00B39F66 /* MyView.swift in Sources */ = {isa = PBXBuildFile; fileRef = 51DB0D952521D99C00B39F66 /* MyView.swift */; };
		51DB0DB92521DBC900B39F66 /* MyUIKitView.swift in Sources */ = {isa = PBXBuildFile; fileRef = 51DB0D902521D86800B39F66 /* MyUIKitView.swift */; };
		51DB0DCA2522173C00B39F66 /* AppGroup.swift in Sources */ = {isa = PBXBuildFile; fileRef = 51DB0DC92522173C00B39F66 /* AppGroup.swift */; };
		51DB0DCB2522173C00B39F66 /* AppGroup.swift in Sources */ = {isa = PBXBuildFile; fileRef = 51DB0DC92522173C00B39F66 /* AppGroup.swift */; };
/* End PBXBuildFile section */

/* Begin PBXContainerItemProxy section */
		51DB0DA82521DAF700B39F66 /* PBXContainerItemProxy */ = {
			isa = PBXContainerItemProxy;
			containerPortal = 513EE115251B5F44009E42BC /* Project object */;
			proxyType = 1;
			remoteGlobalIDString = 51DB0D9B2521DAF200B39F66;
			remoteInfo = ProfileWidgetExtension;
		};
/* End PBXContainerItemProxy section */

/* Begin PBXCopyFilesBuildPhase section */
		51DB0DAE2521DAF700B39F66 /* Embed App Extensions */ = {
			isa = PBXCopyFilesBuildPhase;
			buildActionMask = 2147483647;
			dstPath = "";
			dstSubfolderSpec = 13;
			files = (
				51DB0DAA2521DAF700B39F66 /* ProfileWidgetExtension.appex in Embed App Extensions */,
			);
			name = "Embed App Extensions";
			runOnlyForDeploymentPostprocessing = 0;
		};
/* End PBXCopyFilesBuildPhase section */

/* Begin PBXFileReference section */
		510F1702251B72E1002526A5 /* ContainerProfileView.swift */ = {isa = PBXFileReference; lastKnownFileType = sourcecode.swift; path = ContainerProfileView.swift; sourceTree = "<group>"; };
		510F1706251B762A002526A5 /* Profile.swift */ = {isa = PBXFileReference; lastKnownFileType = sourcecode.swift; path = Profile.swift; sourceTree = "<group>"; };
		510F1709251B77A2002526A5 /* ProfileService.swift */ = {isa = PBXFileReference; lastKnownFileType = sourcecode.swift; path = ProfileService.swift; sourceTree = "<group>"; };
		512BBD84252324170035678C /* ProfileListWidgetView.swift */ = {isa = PBXFileReference; lastKnownFileType = sourcecode.swift; path = ProfileListWidgetView.swift; sourceTree = "<group>"; };
		512BBD8B252327A70035678C /* ProfileSelection.intentdefinition */ = {isa = PBXFileReference; lastKnownFileType = file.intentdefinition; path = ProfileSelection.intentdefinition; sourceTree = "<group>"; };
		512BBDA125233EFD0035678C /* ProfilesWidget.swift */ = {isa = PBXFileReference; lastKnownFileType = sourcecode.swift; path = ProfilesWidget.swift; sourceTree = "<group>"; };
		512BBDAA252341360035678C /* Widgets.swift */ = {isa = PBXFileReference; lastKnownFileType = sourcecode.swift; path = Widgets.swift; sourceTree = "<group>"; };
		513EE11D251B5F44009E42BC /* game.app */ = {isa = PBXFileReference; explicitFileType = wrapper.application; includeInIndex = 0; path = game.app; sourceTree = BUILT_PRODUCTS_DIR; };
		513EE120251B5F44009E42BC /* gameApp.swift */ = {isa = PBXFileReference; lastKnownFileType = sourcecode.swift; path = gameApp.swift; sourceTree = "<group>"; };
		513EE124251B5F45009E42BC /* Assets.xcassets */ = {isa = PBXFileReference; lastKnownFileType = folder.assetcatalog; path = Assets.xcassets; sourceTree = "<group>"; };
		513EE127251B5F45009E42BC /* Preview Assets.xcassets */ = {isa = PBXFileReference; lastKnownFileType = folder.assetcatalog; path = "Preview Assets.xcassets"; sourceTree = "<group>"; };
		513EE129251B5F45009E42BC /* Info.plist */ = {isa = PBXFileReference; lastKnownFileType = text.plist.xml; path = Info.plist; sourceTree = "<group>"; };
		513EE131251B5FCC009E42BC /* ProfileView.swift */ = {isa = PBXFileReference; lastKnownFileType = sourcecode.swift; path = ProfileView.swift; sourceTree = "<group>"; };
		5146EBEA251E079D000710E9 /* ProfilesViewModel.swift */ = {isa = PBXFileReference; lastKnownFileType = sourcecode.swift; path = ProfilesViewModel.swift; sourceTree = "<group>"; };
		516936E5251CE70100A7BEAC /* ProfileListView.swift */ = {isa = PBXFileReference; lastKnownFileType = sourcecode.swift; path = ProfileListView.swift; sourceTree = "<group>"; };
		5172618A251BA18400445A50 /* ProfileViewModel.swift */ = {isa = PBXFileReference; lastKnownFileType = sourcecode.swift; path = ProfileViewModel.swift; sourceTree = "<group>"; };
		51A8AC81253C63190015204D /* AppState.swift */ = {isa = PBXFileReference; fileEncoding = 4; lastKnownFileType = sourcecode.swift; path = AppState.swift; sourceTree = "<group>"; };
		51A8AC83253C63190015204D /* ProfilesState.swift */ = {isa = PBXFileReference; fileEncoding = 4; lastKnownFileType = sourcecode.swift; path = ProfilesState.swift; sourceTree = "<group>"; };
		51A8AC86253C63190015204D /* ProfilesActions.swift */ = {isa = PBXFileReference; fileEncoding = 4; lastKnownFileType = sourcecode.swift; path = ProfilesActions.swift; sourceTree = "<group>"; };
		51A8AC87253C63190015204D /* AppActions.swift */ = {isa = PBXFileReference; fileEncoding = 4; lastKnownFileType = sourcecode.swift; path = AppActions.swift; sourceTree = "<group>"; };
		51A8AC89253C63190015204D /* AppReducer.swift */ = {isa = PBXFileReference; fileEncoding = 4; lastKnownFileType = sourcecode.swift; path = AppReducer.swift; sourceTree = "<group>"; };
		51A8AC8A253C63190015204D /* ProfilesReducer.swift */ = {isa = PBXFileReference; fileEncoding = 4; lastKnownFileType = sourcecode.swift; path = ProfilesReducer.swift; sourceTree = "<group>"; };
		51A8AC8D253C63190015204D /* Store.swift */ = {isa = PBXFileReference; fileEncoding = 4; lastKnownFileType = sourcecode.swift; path = Store.swift; sourceTree = "<group>"; };
		51A8AC8E253C63190015204D /* AppStore.swift */ = {isa = PBXFileReference; fileEncoding = 4; lastKnownFileType = sourcecode.swift; path = AppStore.swift; sourceTree = "<group>"; };
		51DB0D902521D86800B39F66 /* MyUIKitView.swift */ = {isa = PBXFileReference; lastKnownFileType = sourcecode.swift; path = MyUIKitView.swift; sourceTree = "<group>"; };
		51DB0D952521D99C00B39F66 /* MyView.swift */ = {isa = PBXFileReference; lastKnownFileType = sourcecode.swift; path = MyView.swift; sourceTree = "<group>"; };
		51DB0D9C2521DAF200B39F66 /* ProfileWidgetExtension.appex */ = {isa = PBXFileReference; explicitFileType = "wrapper.app-extension"; includeInIndex = 0; path = ProfileWidgetExtension.appex; sourceTree = BUILT_PRODUCTS_DIR; };
		51DB0D9E2521DAF200B39F66 /* WidgetKit.framework */ = {isa = PBXFileReference; lastKnownFileType = wrapper.framework; name = WidgetKit.framework; path = System/Library/Frameworks/WidgetKit.framework; sourceTree = SDKROOT; };
		51DB0DA02521DAF200B39F66 /* SwiftUI.framework */ = {isa = PBXFileReference; lastKnownFileType = wrapper.framework; name = SwiftUI.framework; path = System/Library/Frameworks/SwiftUI.framework; sourceTree = SDKROOT; };
		51DB0DA32521DAF200B39F66 /* ProfileWidget.swift */ = {isa = PBXFileReference; lastKnownFileType = sourcecode.swift; path = ProfileWidget.swift; sourceTree = "<group>"; };
		51DB0DA52521DAF200B39F66 /* Assets.xcassets */ = {isa = PBXFileReference; lastKnownFileType = folder.assetcatalog; path = Assets.xcassets; sourceTree = "<group>"; };
		51DB0DA72521DAF700B39F66 /* Info.plist */ = {isa = PBXFileReference; lastKnownFileType = text.plist.xml; path = Info.plist; sourceTree = "<group>"; };
		51DB0DBC2522157D00B39F66 /* game.entitlements */ = {isa = PBXFileReference; lastKnownFileType = text.plist.entitlements; path = game.entitlements; sourceTree = "<group>"; };
		51DB0DC92522173C00B39F66 /* AppGroup.swift */ = {isa = PBXFileReference; lastKnownFileType = sourcecode.swift; path = AppGroup.swift; sourceTree = "<group>"; };
/* End PBXFileReference section */

/* Begin PBXFrameworksBuildPhase section */
		513EE11A251B5F44009E42BC /* Frameworks */ = {
			isa = PBXFrameworksBuildPhase;
			buildActionMask = 2147483647;
			files = (
			);
			runOnlyForDeploymentPostprocessing = 0;
		};
		51DB0D992521DAF200B39F66 /* Frameworks */ = {
			isa = PBXFrameworksBuildPhase;
			buildActionMask = 2147483647;
			files = (
				51DB0DA12521DAF200B39F66 /* SwiftUI.framework in Frameworks */,
				51DB0D9F2521DAF200B39F66 /* WidgetKit.framework in Frameworks */,
			);
			runOnlyForDeploymentPostprocessing = 0;
		};
/* End PBXFrameworksBuildPhase section */

/* Begin PBXGroup section */
		513EE114251B5F44009E42BC = {
			isa = PBXGroup;
			children = (
				513EE11F251B5F44009E42BC /* game */,
				51DB0DA22521DAF200B39F66 /* ProfileWidget */,
				51DB0D9D2521DAF200B39F66 /* Frameworks */,
				513EE11E251B5F44009E42BC /* Products */,
			);
			sourceTree = "<group>";
		};
		513EE11E251B5F44009E42BC /* Products */ = {
			isa = PBXGroup;
			children = (
				513EE11D251B5F44009E42BC /* game.app */,
				51DB0D9C2521DAF200B39F66 /* ProfileWidgetExtension.appex */,
			);
			name = Products;
			sourceTree = "<group>";
		};
		513EE11F251B5F44009E42BC /* game */ = {
			isa = PBXGroup;
			children = (
				51DB0DBC2522157D00B39F66 /* game.entitlements */,
				51DB0D8F2521D85700B39F66 /* uikit */,
				51A8AC7F253C63190015204D /* Flux */,
				516936E9251CE71100A7BEAC /* Model */,
				516936EB251CE72B00A7BEAC /* ViewModel */,
				516936E8251CE70C00A7BEAC /* Views */,
				516936EA251CE71500A7BEAC /* Services */,
				513EE120251B5F44009E42BC /* gameApp.swift */,
				513EE124251B5F45009E42BC /* Assets.xcassets */,
				513EE129251B5F45009E42BC /* Info.plist */,
				513EE126251B5F45009E42BC /* Preview Content */,
			);
			path = game;
			sourceTree = "<group>";
		};
		513EE126251B5F45009E42BC /* Preview Content */ = {
			isa = PBXGroup;
			children = (
				513EE127251B5F45009E42BC /* Preview Assets.xcassets */,
			);
			path = "Preview Content";
			sourceTree = "<group>";
		};
		516936E8251CE70C00A7BEAC /* Views */ = {
			isa = PBXGroup;
			children = (
				516936E5251CE70100A7BEAC /* ProfileListView.swift */,
				510F1702251B72E1002526A5 /* ContainerProfileView.swift */,
				513EE131251B5FCC009E42BC /* ProfileView.swift */,
			);
			path = Views;
			sourceTree = "<group>";
		};
		516936E9251CE71100A7BEAC /* Model */ = {
			isa = PBXGroup;
			children = (
				510F1706251B762A002526A5 /* Profile.swift */,
			);
			path = Model;
			sourceTree = "<group>";
		};
		516936EA251CE71500A7BEAC /* Services */ = {
			isa = PBXGroup;
			children = (
				510F1709251B77A2002526A5 /* ProfileService.swift */,
				51DB0DC92522173C00B39F66 /* AppGroup.swift */,
			);
			path = Services;
			sourceTree = "<group>";
		};
		516936EB251CE72B00A7BEAC /* ViewModel */ = {
			isa = PBXGroup;
			children = (
				5172618A251BA18400445A50 /* ProfileViewModel.swift */,
				5146EBEA251E079D000710E9 /* ProfilesViewModel.swift */,
			);
			path = ViewModel;
			sourceTree = "<group>";
		};
		51A8AC7F253C63190015204D /* Flux */ = {
			isa = PBXGroup;
			children = (
				51A8AC80253C63190015204D /* States */,
				51A8AC84253C63190015204D /* Actions */,
				51A8AC88253C63190015204D /* Reducers */,
				51A8AC8C253C63190015204D /* Store */,
			);
			path = Flux;
			sourceTree = "<group>";
		};
		51A8AC80253C63190015204D /* States */ = {
			isa = PBXGroup;
			children = (
				51A8AC81253C63190015204D /* AppState.swift */,
				51A8AC83253C63190015204D /* ProfilesState.swift */,
			);
			path = States;
			sourceTree = "<group>";
		};
		51A8AC84253C63190015204D /* Actions */ = {
			isa = PBXGroup;
			children = (
				51A8AC87253C63190015204D /* AppActions.swift */,
				51A8AC86253C63190015204D /* ProfilesActions.swift */,
			);
			path = Actions;
			sourceTree = "<group>";
		};
		51A8AC88253C63190015204D /* Reducers */ = {
			isa = PBXGroup;
			children = (
				51A8AC89253C63190015204D /* AppReducer.swift */,
				51A8AC8A253C63190015204D /* ProfilesReducer.swift */,
			);
			path = Reducers;
			sourceTree = "<group>";
		};
		51A8AC8C253C63190015204D /* Store */ = {
			isa = PBXGroup;
			children = (
				51A8AC8D253C63190015204D /* Store.swift */,
				51A8AC8E253C63190015204D /* AppStore.swift */,
			);
			path = Store;
			sourceTree = "<group>";
		};
		51DB0D8F2521D85700B39F66 /* uikit */ = {
			isa = PBXGroup;
			children = (
				51DB0D902521D86800B39F66 /* MyUIKitView.swift */,
				51DB0D952521D99C00B39F66 /* MyView.swift */,
			);
			path = uikit;
			sourceTree = "<group>";
		};
		51DB0D9D2521DAF200B39F66 /* Frameworks */ = {
			isa = PBXGroup;
			children = (
				51DB0D9E2521DAF200B39F66 /* WidgetKit.framework */,
				51DB0DA02521DAF200B39F66 /* SwiftUI.framework */,
			);
			name = Frameworks;
			sourceTree = "<group>";
		};
		51DB0DA22521DAF200B39F66 /* ProfileWidget */ = {
			isa = PBXGroup;
			children = (
				512BBD84252324170035678C /* ProfileListWidgetView.swift */,
				512BBDAA252341360035678C /* Widgets.swift */,
				51DB0DA32521DAF200B39F66 /* ProfileWidget.swift */,
				512BBDA125233EFD0035678C /* ProfilesWidget.swift */,
				51DB0DA52521DAF200B39F66 /* Assets.xcassets */,
				51DB0DA72521DAF700B39F66 /* Info.plist */,
				512BBD8B252327A70035678C /* ProfileSelection.intentdefinition */,
			);
			path = ProfileWidget;
			sourceTree = "<group>";
		};
/* End PBXGroup section */

/* Begin PBXNativeTarget section */
		513EE11C251B5F44009E42BC /* game */ = {
			isa = PBXNativeTarget;
			buildConfigurationList = 513EE12C251B5F45009E42BC /* Build configuration list for PBXNativeTarget "game" */;
			buildPhases = (
				513EE119251B5F44009E42BC /* Sources */,
				513EE11A251B5F44009E42BC /* Frameworks */,
				513EE11B251B5F44009E42BC /* Resources */,
				51DB0DAE2521DAF700B39F66 /* Embed App Extensions */,
			);
			buildRules = (
			);
			dependencies = (
				51DB0DA92521DAF700B39F66 /* PBXTargetDependency */,
			);
			name = game;
			productName = game;
			productReference = 513EE11D251B5F44009E42BC /* game.app */;
			productType = "com.apple.product-type.application";
		};
		51DB0D9B2521DAF200B39F66 /* ProfileWidgetExtension */ = {
			isa = PBXNativeTarget;
			buildConfigurationList = 51DB0DAB2521DAF700B39F66 /* Build configuration list for PBXNativeTarget "ProfileWidgetExtension" */;
			buildPhases = (
				51DB0D982521DAF200B39F66 /* Sources */,
				51DB0D992521DAF200B39F66 /* Frameworks */,
				51DB0D9A2521DAF200B39F66 /* Resources */,
			);
			buildRules = (
			);
			dependencies = (
			);
			name = ProfileWidgetExtension;
			productName = ProfileWidgetExtension;
			productReference = 51DB0D9C2521DAF200B39F66 /* ProfileWidgetExtension.appex */;
			productType = "com.apple.product-type.app-extension";
		};
/* End PBXNativeTarget section */

/* Begin PBXProject section */
		513EE115251B5F44009E42BC /* Project object */ = {
			isa = PBXProject;
			attributes = {
				LastSwiftUpdateCheck = 1200;
				LastUpgradeCheck = 1200;
				TargetAttributes = {
					513EE11C251B5F44009E42BC = {
						CreatedOnToolsVersion = 12.0;
					};
					51DB0D9B2521DAF200B39F66 = {
						CreatedOnToolsVersion = 12.0;
					};
				};
			};
			buildConfigurationList = 513EE118251B5F44009E42BC /* Build configuration list for PBXProject "game" */;
			compatibilityVersion = "Xcode 9.3";
			developmentRegion = en;
			hasScannedForEncodings = 0;
			knownRegions = (
				en,
				Base,
			);
			mainGroup = 513EE114251B5F44009E42BC;
			productRefGroup = 513EE11E251B5F44009E42BC /* Products */;
			projectDirPath = "";
			projectRoot = "";
			targets = (
				513EE11C251B5F44009E42BC /* game */,
				51DB0D9B2521DAF200B39F66 /* ProfileWidgetExtension */,
			);
		};
/* End PBXProject section */

/* Begin PBXResourcesBuildPhase section */
		513EE11B251B5F44009E42BC /* Resources */ = {
			isa = PBXResourcesBuildPhase;
			buildActionMask = 2147483647;
			files = (
				513EE128251B5F45009E42BC /* Preview Assets.xcassets in Resources */,
				513EE125251B5F45009E42BC /* Assets.xcassets in Resources */,
			);
			runOnlyForDeploymentPostprocessing = 0;
		};
		51DB0D9A2521DAF200B39F66 /* Resources */ = {
			isa = PBXResourcesBuildPhase;
			buildActionMask = 2147483647;
			files = (
				512BBD732522810F0035678C /* Assets.xcassets in Resources */,
				51DB0DA62521DAF200B39F66 /* Assets.xcassets in Resources */,
			);
			runOnlyForDeploymentPostprocessing = 0;
		};
/* End PBXResourcesBuildPhase section */

/* Begin PBXSourcesBuildPhase section */
		513EE119251B5F44009E42BC /* Sources */ = {
			isa = PBXSourcesBuildPhase;
			buildActionMask = 2147483647;
			files = (
				51DB0DCA2522173C00B39F66 /* AppGroup.swift in Sources */,
				51A8AC96253C63190015204D /* ProfilesReducer.swift in Sources */,
				512BBD8C252327A70035678C /* ProfileSelection.intentdefinition in Sources */,
				51A8AC98253C63190015204D /* Store.swift in Sources */,
				510F1703251B72E1002526A5 /* ContainerProfileView.swift in Sources */,
				51DB0D962521D99C00B39F66 /* MyView.swift in Sources */,
				51DB0D912521D86800B39F66 /* MyUIKitView.swift in Sources */,
				51A8AC94253C63190015204D /* AppActions.swift in Sources */,
				51A8AC93253C63190015204D /* ProfilesActions.swift in Sources */,
				510F1707251B762A002526A5 /* Profile.swift in Sources */,
				51A8AC99253C63190015204D /* AppStore.swift in Sources */,
				51A8AC8F253C63190015204D /* AppState.swift in Sources */,
				51A8AC91253C63190015204D /* ProfilesState.swift in Sources */,
				51A8AC95253C63190015204D /* AppReducer.swift in Sources */,
				513EE132251B5FCC009E42BC /* ProfileView.swift in Sources */,
				513EE121251B5F44009E42BC /* gameApp.swift in Sources */,
				516936E6251CE70100A7BEAC /* ProfileListView.swift in Sources */,
				510F170A251B77A2002526A5 /* ProfileService.swift in Sources */,
			);
			runOnlyForDeploymentPostprocessing = 0;
		};
		51DB0D982521DAF200B39F66 /* Sources */ = {
			isa = PBXSourcesBuildPhase;
			buildActionMask = 2147483647;
			files = (
				512BBD7E252322780035678C /* ProfilesViewModel.swift in Sources */,
				512BBD6A25227F5E0035678C /* ProfileViewModel.swift in Sources */,
				512BBD8F252327BE0035678C /* ProfileSelection.intentdefinition in Sources */,
				512BBD7025227F970035678C /* ProfileService.swift in Sources */,
				51DB0DB12521DB6C00B39F66 /* MyView.swift in Sources */,
				51DB0DB92521DBC900B39F66 /* MyUIKitView.swift in Sources */,
				512BBD88252324780035678C /* ProfileListWidgetView.swift in Sources */,
				512BBD6D25227F680035678C /* Profile.swift in Sources */,
				512BBDA325233EFD0035678C /* ProfilesWidget.swift in Sources */,
				51DB0DA42521DAF200B39F66 /* ProfileWidget.swift in Sources */,
				512BBDAC252341360035678C /* Widgets.swift in Sources */,
				51DB0DCB2522173C00B39F66 /* AppGroup.swift in Sources */,
			);
			runOnlyForDeploymentPostprocessing = 0;
		};
/* End PBXSourcesBuildPhase section */

/* Begin PBXTargetDependency section */
		51DB0DA92521DAF700B39F66 /* PBXTargetDependency */ = {
			isa = PBXTargetDependency;
			target = 51DB0D9B2521DAF200B39F66 /* ProfileWidgetExtension */;
			targetProxy = 51DB0DA82521DAF700B39F66 /* PBXContainerItemProxy */;
		};
/* End PBXTargetDependency section */

/* Begin XCBuildConfiguration section */
		513EE12A251B5F45009E42BC /* Debug */ = {
			isa = XCBuildConfiguration;
			buildSettings = {
				ALWAYS_SEARCH_USER_PATHS = NO;
				CLANG_ANALYZER_NONNULL = YES;
				CLANG_ANALYZER_NUMBER_OBJECT_CONVERSION = YES_AGGRESSIVE;
				CLANG_CXX_LANGUAGE_STANDARD = "gnu++14";
				CLANG_CXX_LIBRARY = "libc++";
				CLANG_ENABLE_MODULES = YES;
				CLANG_ENABLE_OBJC_ARC = YES;
				CLANG_ENABLE_OBJC_WEAK = YES;
				CLANG_WARN_BLOCK_CAPTURE_AUTORELEASING = YES;
				CLANG_WARN_BOOL_CONVERSION = YES;
				CLANG_WARN_COMMA = YES;
				CLANG_WARN_CONSTANT_CONVERSION = YES;
				CLANG_WARN_DEPRECATED_OBJC_IMPLEMENTATIONS = YES;
				CLANG_WARN_DIRECT_OBJC_ISA_USAGE = YES_ERROR;
				CLANG_WARN_DOCUMENTATION_COMMENTS = YES;
				CLANG_WARN_EMPTY_BODY = YES;
				CLANG_WARN_ENUM_CONVERSION = YES;
				CLANG_WARN_INFINITE_RECURSION = YES;
				CLANG_WARN_INT_CONVERSION = YES;
				CLANG_WARN_NON_LITERAL_NULL_CONVERSION = YES;
				CLANG_WARN_OBJC_IMPLICIT_RETAIN_SELF = YES;
				CLANG_WARN_OBJC_LITERAL_CONVERSION = YES;
				CLANG_WARN_OBJC_ROOT_CLASS = YES_ERROR;
				CLANG_WARN_QUOTED_INCLUDE_IN_FRAMEWORK_HEADER = YES;
				CLANG_WARN_RANGE_LOOP_ANALYSIS = YES;
				CLANG_WARN_STRICT_PROTOTYPES = YES;
				CLANG_WARN_SUSPICIOUS_MOVE = YES;
				CLANG_WARN_UNGUARDED_AVAILABILITY = YES_AGGRESSIVE;
				CLANG_WARN_UNREACHABLE_CODE = YES;
				CLANG_WARN__DUPLICATE_METHOD_MATCH = YES;
				COPY_PHASE_STRIP = NO;
				DEBUG_INFORMATION_FORMAT = dwarf;
				ENABLE_STRICT_OBJC_MSGSEND = YES;
				ENABLE_TESTABILITY = YES;
				GCC_C_LANGUAGE_STANDARD = gnu11;
				GCC_DYNAMIC_NO_PIC = NO;
				GCC_NO_COMMON_BLOCKS = YES;
				GCC_OPTIMIZATION_LEVEL = 0;
				GCC_PREPROCESSOR_DEFINITIONS = (
					"DEBUG=1",
					"$(inherited)",
				);
				GCC_WARN_64_TO_32_BIT_CONVERSION = YES;
				GCC_WARN_ABOUT_RETURN_TYPE = YES_ERROR;
				GCC_WARN_UNDECLARED_SELECTOR = YES;
				GCC_WARN_UNINITIALIZED_AUTOS = YES_AGGRESSIVE;
				GCC_WARN_UNUSED_FUNCTION = YES;
				GCC_WARN_UNUSED_VARIABLE = YES;
				IPHONEOS_DEPLOYMENT_TARGET = 14.0;
				MTL_ENABLE_DEBUG_INFO = INCLUDE_SOURCE;
				MTL_FAST_MATH = YES;
				ONLY_ACTIVE_ARCH = YES;
				SDKROOT = iphoneos;
				SWIFT_ACTIVE_COMPILATION_CONDITIONS = DEBUG;
				SWIFT_OPTIMIZATION_LEVEL = "-Onone";
			};
			name = Debug;
		};
		513EE12B251B5F45009E42BC /* Release */ = {
			isa = XCBuildConfiguration;
			buildSettings = {
				ALWAYS_SEARCH_USER_PATHS = NO;
				CLANG_ANALYZER_NONNULL = YES;
				CLANG_ANALYZER_NUMBER_OBJECT_CONVERSION = YES_AGGRESSIVE;
				CLANG_CXX_LANGUAGE_STANDARD = "gnu++14";
				CLANG_CXX_LIBRARY = "libc++";
				CLANG_ENABLE_MODULES = YES;
				CLANG_ENABLE_OBJC_ARC = YES;
				CLANG_ENABLE_OBJC_WEAK = YES;
				CLANG_WARN_BLOCK_CAPTURE_AUTORELEASING = YES;
				CLANG_WARN_BOOL_CONVERSION = YES;
				CLANG_WARN_COMMA = YES;
				CLANG_WARN_CONSTANT_CONVERSION = YES;
				CLANG_WARN_DEPRECATED_OBJC_IMPLEMENTATIONS = YES;
				CLANG_WARN_DIRECT_OBJC_ISA_USAGE = YES_ERROR;
				CLANG_WARN_DOCUMENTATION_COMMENTS = YES;
				CLANG_WARN_EMPTY_BODY = YES;
				CLANG_WARN_ENUM_CONVERSION = YES;
				CLANG_WARN_INFINITE_RECURSION = YES;
				CLANG_WARN_INT_CONVERSION = YES;
				CLANG_WARN_NON_LITERAL_NULL_CONVERSION = YES;
				CLANG_WARN_OBJC_IMPLICIT_RETAIN_SELF = YES;
				CLANG_WARN_OBJC_LITERAL_CONVERSION = YES;
				CLANG_WARN_OBJC_ROOT_CLASS = YES_ERROR;
				CLANG_WARN_QUOTED_INCLUDE_IN_FRAMEWORK_HEADER = YES;
				CLANG_WARN_RANGE_LOOP_ANALYSIS = YES;
				CLANG_WARN_STRICT_PROTOTYPES = YES;
				CLANG_WARN_SUSPICIOUS_MOVE = YES;
				CLANG_WARN_UNGUARDED_AVAILABILITY = YES_AGGRESSIVE;
				CLANG_WARN_UNREACHABLE_CODE = YES;
				CLANG_WARN__DUPLICATE_METHOD_MATCH = YES;
				COPY_PHASE_STRIP = NO;
				DEBUG_INFORMATION_FORMAT = "dwarf-with-dsym";
				ENABLE_NS_ASSERTIONS = NO;
				ENABLE_STRICT_OBJC_MSGSEND = YES;
				GCC_C_LANGUAGE_STANDARD = gnu11;
				GCC_NO_COMMON_BLOCKS = YES;
				GCC_WARN_64_TO_32_BIT_CONVERSION = YES;
				GCC_WARN_ABOUT_RETURN_TYPE = YES_ERROR;
				GCC_WARN_UNDECLARED_SELECTOR = YES;
				GCC_WARN_UNINITIALIZED_AUTOS = YES_AGGRESSIVE;
				GCC_WARN_UNUSED_FUNCTION = YES;
				GCC_WARN_UNUSED_VARIABLE = YES;
				IPHONEOS_DEPLOYMENT_TARGET = 14.0;
				MTL_ENABLE_DEBUG_INFO = NO;
				MTL_FAST_MATH = YES;
				SDKROOT = iphoneos;
				SWIFT_COMPILATION_MODE = wholemodule;
				SWIFT_OPTIMIZATION_LEVEL = "-O";
				VALIDATE_PRODUCT = YES;
			};
			name = Release;
		};
		513EE12D251B5F45009E42BC /* Debug */ = {
			isa = XCBuildConfiguration;
			buildSettings = {
				ALWAYS_EMBED_SWIFT_STANDARD_LIBRARIES = YES;
				ASSETCATALOG_COMPILER_APPICON_NAME = AppIcon;
				ASSETCATALOG_COMPILER_GLOBAL_ACCENT_COLOR_NAME = AccentColor;
				CODE_SIGN_ENTITLEMENTS = game/game.entitlements;
				CODE_SIGN_STYLE = Automatic;
				DEVELOPMENT_ASSET_PATHS = "\"game/Preview Content\"";
				DEVELOPMENT_TEAM = WAKP43293M;
				ENABLE_PREVIEWS = YES;
				INFOPLIST_FILE = game/Info.plist;
				IPHONEOS_DEPLOYMENT_TARGET = 14.0;
				LD_RUNPATH_SEARCH_PATHS = (
					"$(inherited)",
					"@executable_path/Frameworks",
				);
				PRODUCT_BUNDLE_IDENTIFIER = com.uninova.gameprofiles;
				PRODUCT_NAME = "$(TARGET_NAME)";
				SWIFT_VERSION = 5.0;
				TARGETED_DEVICE_FAMILY = "1,2";
			};
			name = Debug;
		};
		513EE12E251B5F45009E42BC /* Release */ = {
			isa = XCBuildConfiguration;
			buildSettings = {
				ALWAYS_EMBED_SWIFT_STANDARD_LIBRARIES = YES;
				ASSETCATALOG_COMPILER_APPICON_NAME = AppIcon;
				ASSETCATALOG_COMPILER_GLOBAL_ACCENT_COLOR_NAME = AccentColor;
				CODE_SIGN_ENTITLEMENTS = game/game.entitlements;
				CODE_SIGN_STYLE = Automatic;
				DEVELOPMENT_ASSET_PATHS = "\"game/Preview Content\"";
				DEVELOPMENT_TEAM = WAKP43293M;
				ENABLE_PREVIEWS = YES;
				INFOPLIST_FILE = game/Info.plist;
				IPHONEOS_DEPLOYMENT_TARGET = 14.0;
				LD_RUNPATH_SEARCH_PATHS = (
					"$(inherited)",
					"@executable_path/Frameworks",
				);
				PRODUCT_BUNDLE_IDENTIFIER = com.uninova.gameprofiles;
				PRODUCT_NAME = "$(TARGET_NAME)";
				SWIFT_VERSION = 5.0;
				TARGETED_DEVICE_FAMILY = "1,2";
			};
			name = Release;
		};
		51DB0DAC2521DAF700B39F66 /* Debug */ = {
			isa = XCBuildConfiguration;
			buildSettings = {
				ASSETCATALOG_COMPILER_GLOBAL_ACCENT_COLOR_NAME = AccentColor;
				ASSETCATALOG_COMPILER_WIDGET_BACKGROUND_COLOR_NAME = WidgetBackground;
				CODE_SIGN_STYLE = Automatic;
				DEVELOPMENT_TEAM = WAKP43293M;
				INFOPLIST_FILE = ProfileWidget/Info.plist;
				LD_RUNPATH_SEARCH_PATHS = (
					"$(inherited)",
					"@executable_path/Frameworks",
					"@executable_path/../../Frameworks",
				);
				PRODUCT_BUNDLE_IDENTIFIER = com.uninova.gameprofiles.ProfileWidget;
				PRODUCT_NAME = "$(TARGET_NAME)";
				SKIP_INSTALL = YES;
				SWIFT_VERSION = 5.0;
				TARGETED_DEVICE_FAMILY = "1,2";
			};
			name = Debug;
		};
		51DB0DAD2521DAF700B39F66 /* Release */ = {
			isa = XCBuildConfiguration;
			buildSettings = {
				ASSETCATALOG_COMPILER_GLOBAL_ACCENT_COLOR_NAME = AccentColor;
				ASSETCATALOG_COMPILER_WIDGET_BACKGROUND_COLOR_NAME = WidgetBackground;
				CODE_SIGN_STYLE = Automatic;
				DEVELOPMENT_TEAM = WAKP43293M;
				INFOPLIST_FILE = ProfileWidget/Info.plist;
				LD_RUNPATH_SEARCH_PATHS = (
					"$(inherited)",
					"@executable_path/Frameworks",
					"@executable_path/../../Frameworks",
				);
				PRODUCT_BUNDLE_IDENTIFIER = com.uninova.gameprofiles.ProfileWidget;
				PRODUCT_NAME = "$(TARGET_NAME)";
				SKIP_INSTALL = YES;
				SWIFT_VERSION = 5.0;
				TARGETED_DEVICE_FAMILY = "1,2";
			};
			name = Release;
		};
/* End XCBuildConfiguration section */

/* Begin XCConfigurationList section */
		513EE118251B5F44009E42BC /* Build configuration list for PBXProject "game" */ = {
			isa = XCConfigurationList;
			buildConfigurations = (
				513EE12A251B5F45009E42BC /* Debug */,
				513EE12B251B5F45009E42BC /* Release */,
			);
			defaultConfigurationIsVisible = 0;
			defaultConfigurationName = Release;
		};
		513EE12C251B5F45009E42BC /* Build configuration list for PBXNativeTarget "game" */ = {
			isa = XCConfigurationList;
			buildConfigurations = (
				513EE12D251B5F45009E42BC /* Debug */,
				513EE12E251B5F45009E42BC /* Release */,
			);
			defaultConfigurationIsVisible = 0;
			defaultConfigurationName = Release;
		};
		51DB0DAB2521DAF700B39F66 /* Build configuration list for PBXNativeTarget "ProfileWidgetExtension" */ = {
			isa = XCConfigurationList;
			buildConfigurations = (
				51DB0DAC2521DAF700B39F66 /* Debug */,
				51DB0DAD2521DAF700B39F66 /* Release */,
			);
			defaultConfigurationIsVisible = 0;
			defaultConfigurationName = Release;
		};
/* End XCConfigurationList section */
	};
	rootObject = 513EE115251B5F44009E42BC /* Project object */;
}
